
Microsoft Visual Studio Solution File, Format Version 12.00
# Visual Studio Version 17
VisualStudioVersion = 17.10.34916.146
MinimumVisualStudioVersion = 10.0.40219.1
Project("{2150E333-8FDC-42A3-9474-1A3956D46DE8}") = "src", "src", "{9AA0761C-A3E6-479A-8AA6-13E3B334A13E}"
EndProject
Project("{2150E333-8FDC-42A3-9474-1A3956D46DE8}") = "BackEnd", "BackEnd", "{61F9F3AE-D153-4F83-B639-C49EAE8A29B2}"
EndProject
Project("{2150E333-8FDC-42A3-9474-1A3956D46DE8}") = "FrontEnd", "FrontEnd", "{79172B8E-4B88-493C-AE6E-5B398BDD55FF}"
	ProjectSection(SolutionItems) = preProject
		Desechable para que se vea.cs = Desechable para que se vea.cs
	EndProjectSection
EndProject
Project("{2150E333-8FDC-42A3-9474-1A3956D46DE8}") = "Common", "Common", "{09BED2AC-DBE1-4462-B4A0-8B8D08E25F63}"
EndProject
Project("{9A19103F-16F7-4668-BE54-9A1E7A4F7556}") = "SchoolPro.Common.Data", "SchoolPro.Common.Data\SchoolPro.Common.Data.csproj", "{1D684353-E869-4BFD-B0F3-D82F0FEEAD69}"
EndProject
Project("{2150E333-8FDC-42A3-9474-1A3956D46DE8}") = "Infraestructure", "Infraestructure", "{79E11EBA-1D3F-4B1F-ACD0-4D8CA5A1F143}"
EndProject
Project("{9A19103F-16F7-4668-BE54-9A1E7A4F7556}") = "SchoolPro.InfraEstructure", "SchoolPro.InfraEstructure\SchoolPro.InfraEstructure.csproj", "{78ED50ED-896B-49E1-A698-5B0E564F819D}"
EndProject
Project("{2150E333-8FDC-42A3-9474-1A3956D46DE8}") = "Modules", "Modules", "{3D757B6B-265E-4E83-BC2C-36DF4BF1E551}"
EndProject
Project("{2150E333-8FDC-42A3-9474-1A3956D46DE8}") = "Prestamo Management", "Prestamo Management", "{7780A24D-075D-4CB8-9514-C4FAB2D3C4F8}"
EndProject
Project("{2150E333-8FDC-42A3-9474-1A3956D46DE8}") = "Apis", "Apis", "{709FCA3E-A650-47D1-B6ED-81E9B5CF93A4}"
EndProject
Project("{2150E333-8FDC-42A3-9474-1A3956D46DE8}") = "Application", "Application", "{9A84A085-E4C7-4BCB-BF27-5791EA9028B8}"
EndProject
Project("{2150E333-8FDC-42A3-9474-1A3956D46DE8}") = "Domain", "Domain", "{6D9A0BA2-D014-4DE8-AC98-E120D7C7ABC7}"
EndProject
Project("{2150E333-8FDC-42A3-9474-1A3956D46DE8}") = "Persistence", "Persistence", "{A51C4BBB-FDA4-4AF7-8638-4EEFB1152C18}"
EndProject
Project("{9A19103F-16F7-4668-BE54-9A1E7A4F7556}") = "SchoolPro.Prestamo.Api", "SchoolPro.Prestamo.Api\SchoolPro.Prestamo.Api.csproj", "{4BB9252D-2F51-456D-B822-8C02193F233E}"
EndProject
Project("{9A19103F-16F7-4668-BE54-9A1E7A4F7556}") = "SchoolPro.Prestamo.Application", "SchoolPro.Prestamo.Application\SchoolPro.Prestamo.Application.csproj", "{257DD964-A007-4CD0-90BF-305ABAD8265B}"
EndProject
Project("{9A19103F-16F7-4668-BE54-9A1E7A4F7556}") = "SchoolPro.Prestamo.Domain", "SchoolPro.Prestamo.Domain\SchoolPro.Prestamo.Domain.csproj", "{944E5D3D-6AB5-4F81-AF28-410EE589A430}"
EndProject
Project("{9A19103F-16F7-4668-BE54-9A1E7A4F7556}") = "SchoolPro.Prestamo.Persistence", "SchoolPro.Prestamo.Persistence\SchoolPro.Prestamo.Persistence.csproj", "{59A5209D-08DC-4F09-95D5-96C469B62E3E}"
EndProject
Project("{FAE04EC0-301F-11D3-BF4B-00C04F79EFBC}") = "SchoolPro.IOC", "SchoolPro.IOC\SchoolPro.IOC.csproj", "{C839A1CA-780B-47F9-9DCC-463B4DBF9F3B}"
EndProject
Global
	GlobalSection(SolutionConfigurationPlatforms) = preSolution
		Debug|Any CPU = Debug|Any CPU
		Release|Any CPU = Release|Any CPU
	EndGlobalSection
	GlobalSection(ProjectConfigurationPlatforms) = postSolution
		{1D684353-E869-4BFD-B0F3-D82F0FEEAD69}.Debug|Any CPU.ActiveCfg = Debug|Any CPU
		{1D684353-E869-4BFD-B0F3-D82F0FEEAD69}.Debug|Any CPU.Build.0 = Debug|Any CPU
		{1D684353-E869-4BFD-B0F3-D82F0FEEAD69}.Release|Any CPU.ActiveCfg = Release|Any CPU
		{1D684353-E869-4BFD-B0F3-D82F0FEEAD69}.Release|Any CPU.Build.0 = Release|Any CPU
		{78ED50ED-896B-49E1-A698-5B0E564F819D}.Debug|Any CPU.ActiveCfg = Debug|Any CPU
		{78ED50ED-896B-49E1-A698-5B0E564F819D}.Debug|Any CPU.Build.0 = Debug|Any CPU
		{78ED50ED-896B-49E1-A698-5B0E564F819D}.Release|Any CPU.ActiveCfg = Release|Any CPU
		{78ED50ED-896B-49E1-A698-5B0E564F819D}.Release|Any CPU.Build.0 = Release|Any CPU
		{4BB9252D-2F51-456D-B822-8C02193F233E}.Debug|Any CPU.ActiveCfg = Debug|Any CPU
		{4BB9252D-2F51-456D-B822-8C02193F233E}.Debug|Any CPU.Build.0 = Debug|Any CPU
		{4BB9252D-2F51-456D-B822-8C02193F233E}.Release|Any CPU.ActiveCfg = Release|Any CPU
		{4BB9252D-2F51-456D-B822-8C02193F233E}.Release|Any CPU.Build.0 = Release|Any CPU
		{257DD964-A007-4CD0-90BF-305ABAD8265B}.Debug|Any CPU.ActiveCfg = Debug|Any CPU
		{257DD964-A007-4CD0-90BF-305ABAD8265B}.Debug|Any CPU.Build.0 = Debug|Any CPU
		{257DD964-A007-4CD0-90BF-305ABAD8265B}.Release|Any CPU.ActiveCfg = Release|Any CPU
		{257DD964-A007-4CD0-90BF-305ABAD8265B}.Release|Any CPU.Build.0 = Release|Any CPU
		{944E5D3D-6AB5-4F81-AF28-410EE589A430}.Debug|Any CPU.ActiveCfg = Debug|Any CPU
		{944E5D3D-6AB5-4F81-AF28-410EE589A430}.Debug|Any CPU.Build.0 = Debug|Any CPU
		{944E5D3D-6AB5-4F81-AF28-410EE589A430}.Release|Any CPU.ActiveCfg = Release|Any CPU
		{944E5D3D-6AB5-4F81-AF28-410EE589A430}.Release|Any CPU.Build.0 = Release|Any CPU
		{59A5209D-08DC-4F09-95D5-96C469B62E3E}.Debug|Any CPU.ActiveCfg = Debug|Any CPU
		{59A5209D-08DC-4F09-95D5-96C469B62E3E}.Debug|Any CPU.Build.0 = Debug|Any CPU
		{59A5209D-08DC-4F09-95D5-96C469B62E3E}.Release|Any CPU.ActiveCfg = Release|Any CPU
		{59A5209D-08DC-4F09-95D5-96C469B62E3E}.Release|Any CPU.Build.0 = Release|Any CPU
		{C839A1CA-780B-47F9-9DCC-463B4DBF9F3B}.Debug|Any CPU.ActiveCfg = Debug|Any CPU
		{C839A1CA-780B-47F9-9DCC-463B4DBF9F3B}.Debug|Any CPU.Build.0 = Debug|Any CPU
		{C839A1CA-780B-47F9-9DCC-463B4DBF9F3B}.Release|Any CPU.ActiveCfg = Release|Any CPU
		{C839A1CA-780B-47F9-9DCC-463B4DBF9F3B}.Release|Any CPU.Build.0 = Release|Any CPU
	EndGlobalSection
	GlobalSection(SolutionProperties) = preSolution
		HideSolutionNode = FALSE
	EndGlobalSection
	GlobalSection(NestedProjects) = preSolution
		{61F9F3AE-D153-4F83-B639-C49EAE8A29B2} = {9AA0761C-A3E6-479A-8AA6-13E3B334A13E}
		{79172B8E-4B88-493C-AE6E-5B398BDD55FF} = {9AA0761C-A3E6-479A-8AA6-13E3B334A13E}
		{09BED2AC-DBE1-4462-B4A0-8B8D08E25F63} = {61F9F3AE-D153-4F83-B639-C49EAE8A29B2}
		{1D684353-E869-4BFD-B0F3-D82F0FEEAD69} = {09BED2AC-DBE1-4462-B4A0-8B8D08E25F63}
		{79E11EBA-1D3F-4B1F-ACD0-4D8CA5A1F143} = {61F9F3AE-D153-4F83-B639-C49EAE8A29B2}
		{78ED50ED-896B-49E1-A698-5B0E564F819D} = {79E11EBA-1D3F-4B1F-ACD0-4D8CA5A1F143}
		{3D757B6B-265E-4E83-BC2C-36DF4BF1E551} = {61F9F3AE-D153-4F83-B639-C49EAE8A29B2}
		{7780A24D-075D-4CB8-9514-C4FAB2D3C4F8} = {3D757B6B-265E-4E83-BC2C-36DF4BF1E551}
		{709FCA3E-A650-47D1-B6ED-81E9B5CF93A4} = {7780A24D-075D-4CB8-9514-C4FAB2D3C4F8}
		{9A84A085-E4C7-4BCB-BF27-5791EA9028B8} = {7780A24D-075D-4CB8-9514-C4FAB2D3C4F8}
		{6D9A0BA2-D014-4DE8-AC98-E120D7C7ABC7} = {7780A24D-075D-4CB8-9514-C4FAB2D3C4F8}
		{A51C4BBB-FDA4-4AF7-8638-4EEFB1152C18} = {7780A24D-075D-4CB8-9514-C4FAB2D3C4F8}
		{4BB9252D-2F51-456D-B822-8C02193F233E} = {709FCA3E-A650-47D1-B6ED-81E9B5CF93A4}
		{257DD964-A007-4CD0-90BF-305ABAD8265B} = {9A84A085-E4C7-4BCB-BF27-5791EA9028B8}
		{944E5D3D-6AB5-4F81-AF28-410EE589A430} = {6D9A0BA2-D014-4DE8-AC98-E120D7C7ABC7}
		{59A5209D-08DC-4F09-95D5-96C469B62E3E} = {A51C4BBB-FDA4-4AF7-8638-4EEFB1152C18}
		{C839A1CA-780B-47F9-9DCC-463B4DBF9F3B} = {79E11EBA-1D3F-4B1F-ACD0-4D8CA5A1F143}
	EndGlobalSection
	GlobalSection(ExtensibilityGlobals) = postSolution
		SolutionGuid = {3C69D201-6D89-4864-9912-B0AC3C812683}
	EndGlobalSection
EndGlobal
